// !$*UTF8*$!
{
	archiveVersion = 1;
	classes = {
	};
	objectVersion = 56;
	objects = {

/* Begin PBXBuildFile section */
		8D1107260A680DA900000001 /* Video2PPTApp.swift in Sources */ = {isa = PBXBuildFile; fileRef = 8D1107250A680DA900000001 /* Video2PPTApp.swift */; };
		8D1107280A680DA900000002 /* ContentView.swift in Sources */ = {isa = PBXBuildFile; fileRef = 8D1107270A680DA900000002 /* ContentView.swift */; };
		8D11072A0A680DA900000003 /* ConversionManager.swift in Sources */ = {isa = PBXBuildFile; fileRef = 8D1107290A680DA900000003 /* ConversionManager.swift */; };
		8D11072C0A680DA900000004 /* FinderSync.swift in Sources */ = {isa = PBXBuildFile; fileRef = 8D11072B0A680DA900000004 /* FinderSync.swift */; };
		8D1107300A680DA900000005 /* Video2PPTExtension.appex in Embed Foundation Extensions */ = {isa = PBXBuildFile; fileRef = 8D11072F0A680DA900000005 /* Video2PPTExtension.appex */; settings = {ATTRIBUTES = (RemoveHeadersOnCopy, ); }; };
/* End PBXBuildFile section */

/* Begin PBXContainerItemProxy section */
		8D1107310A680DA900000006 /* PBXContainerItemProxy */ = {
			isa = PBXContainerItemProxy;
			containerPortal = 8D1107000A680DA900000000 /* Project object */;
			proxyType = 1;
			remoteGlobalIDString = 8D11072E0A680DA900000007;
			remoteInfo = Video2PPTExtension;
		};
/* End PBXContainerItemProxy section */

/* Begin PBXCopyFilesBuildPhase section */
		8D1107330A680DA900000008 /* Embed Foundation Extensions */ = {
			isa = PBXCopyFilesBuildPhase;
			buildActionMask = 2147483647;
			dstPath = "";
			dstSubfolderSpec = 13;
			files = (
				8D1107300A680DA900000005 /* Video2PPTExtension.appex in Embed Foundation Extensions */,
			);
			name = "Embed Foundation Extensions";
			runOnlyForDeploymentPostprocessing = 0;
		};
/* End PBXCopyFilesBuildPhase section */

/* Begin PBXFileReference section */
		8D1107200A680DA900000009 /* Video2PPT.app */ = {isa = PBXFileReference; explicitFileType = wrapper.application; includeInIndex = 0; path = Video2PPT.app; sourceTree = BUILT_PRODUCTS_DIR; };
		8D1107250A680DA900000001 /* Video2PPTApp.swift */ = {isa = PBXFileReference; lastKnownFileType = sourcecode.swift; path = Video2PPTApp.swift; sourceTree = "<group>"; };
		8D1107270A680DA900000002 /* ContentView.swift */ = {isa = PBXFileReference; lastKnownFileType = sourcecode.swift; path = ContentView.swift; sourceTree = "<group>"; };
		8D1107290A680DA900000003 /* ConversionManager.swift */ = {isa = PBXFileReference; lastKnownFileType = sourcecode.swift; path = ConversionManager.swift; sourceTree = "<group>"; };
		8D11072B0A680DA900000004 /* FinderSync.swift */ = {isa = PBXFileReference; lastKnownFileType = sourcecode.swift; path = FinderSync.swift; sourceTree = "<group>"; };
		8D11072F0A680DA900000005 /* Video2PPTExtension.appex */ = {isa = PBXFileReference; explicitFileType = "wrapper.app-extension"; includeInIndex = 0; path = Video2PPTExtension.appex; sourceTree = BUILT_PRODUCTS_DIR; };
		8D1107340A680DA90000000A /* Video2PPT.entitlements */ = {isa = PBXFileReference; lastKnownFileType = text.plist.entitlements; path = Video2PPT.entitlements; sourceTree = "<group>"; };
		8D1107350A680DA90000000B /* Info.plist */ = {isa = PBXFileReference; lastKnownFileType = text.plist.xml; path = Info.plist; sourceTree = "<group>"; };
		8D1107360A680DA90000000C /* Video2PPTExtension.entitlements */ = {isa = PBXFileReference; lastKnownFileType = text.plist.entitlements; path = Video2PPTExtension.entitlements; sourceTree = "<group>"; };
		8D1107370A680DA90000000D /* Info.plist */ = {isa = PBXFileReference; lastKnownFileType = text.plist.xml; path = Info.plist; sourceTree = "<group>"; };
/* End PBXFileReference section */

/* Begin PBXFrameworksBuildPhase section */
		8D11071D0A680DA90000000E /* Frameworks */ = {
			isa = PBXFrameworksBuildPhase;
			buildActionMask = 2147483647;
			files = (
			);
			runOnlyForDeploymentPostprocessing = 0;
		};
		8D11072D0A680DA90000000F /* Frameworks */ = {
			isa = PBXFrameworksBuildPhase;
			buildActionMask = 2147483647;
			files = (
			);
			runOnlyForDeploymentPostprocessing = 0;
		};
/* End PBXFrameworksBuildPhase section */

/* Begin PBXGroup section */
		8D1107170A680DA900000010 = {
			isa = PBXGroup;
			children = (
				8D1107220A680DA900000011 /* Video2PPT */,
				8D11072A0A680DA900000012 /* Video2PPTExtension */,
				8D1107210A680DA900000013 /* Products */,
			);
			sourceTree = "<group>";
		};
		8D1107210A680DA900000013 /* Products */ = {
			isa = PBXGroup;
			children = (
				8D1107200A680DA900000009 /* Video2PPT.app */,
				8D11072F0A680DA900000005 /* Video2PPTExtension.appex */,
			);
			name = Products;
			sourceTree = "<group>";
		};
		8D1107220A680DA900000011 /* Video2PPT */ = {
			isa = PBXGroup;
			children = (
				8D1107250A680DA900000001 /* Video2PPTApp.swift */,
				8D1107270A680DA900000002 /* ContentView.swift */,
				8D1107290A680DA900000003 /* ConversionManager.swift */,
				8D1107340A680DA90000000A /* Video2PPT.entitlements */,
				8D1107350A680DA90000000B /* Info.plist */,
			);
			path = Video2PPT;
			sourceTree = "<group>";
		};
		8D11072A0A680DA900000012 /* Video2PPTExtension */ = {
			isa = PBXGroup;
			children = (
				8D11072B0A680DA900000004 /* FinderSync.swift */,
				8D1107360A680DA90000000C /* Video2PPTExtension.entitlements */,
				8D1107370A680DA90000000D /* Info.plist */,
			);
			path = Video2PPTExtension;
			sourceTree = "<group>";
		};
/* End PBXGroup section */

/* Begin PBXNativeTarget section */
		8D11071F0A680DA900000014 /* Video2PPT */ = {
			isa = PBXNativeTarget;
			buildConfigurationList = 8D1107380A680DA900000015 /* Build configuration list for PBXNativeTarget "Video2PPT" */;
			buildPhases = (
				8D11071C0A680DA900000016 /* Sources */,
				8D11071D0A680DA90000000E /* Frameworks */,
				8D11071E0A680DA900000017 /* Resources */,
				8D1107330A680DA900000008 /* Embed Foundation Extensions */,
			);
			buildRules = (
			);
			dependencies = (
				8D1107320A680DA900000018 /* PBXTargetDependency */,
			);
			name = Video2PPT;
			productName = Video2PPT;
			productReference = 8D1107200A680DA900000009 /* Video2PPT.app */;
			productType = "com.apple.product-type.application";
		};
		8D11072E0A680DA900000007 /* Video2PPTExtension */ = {
			isa = PBXNativeTarget;
			buildConfigurationList = 8D11073B0A680DA900000019 /* Build configuration list for PBXNativeTarget "Video2PPTExtension" */;
			buildPhases = (
				8D11072B0A680DA90000001A /* Sources */,
				8D11072D0A680DA90000000F /* Frameworks */,
				8D11072C0A680DA90000001B /* Resources */,
			);
			buildRules = (
			);
			dependencies = (
			);
			name = Video2PPTExtension;
			productName = Video2PPTExtension;
			productReference = 8D11072F0A680DA900000005 /* Video2PPTExtension.appex */;
			productType = "com.apple.product-type.app-extension";
		};
/* End PBXNativeTarget section */

/* Begin PBXProject section */
		8D1107000A680DA900000000 /* Project object */ = {
			isa = PBXProject;
			attributes = {
				BuildIndependentTargetsInParallel = 1;
				LastSwiftUpdateCheck = 1500;
				LastUpgradeCheck = 1500;
				TargetAttributes = {
					8D11071F0A680DA900000014 = {
						CreatedOnToolsVersion = 15.0;
					};
					8D11072E0A680DA900000007 = {
						CreatedOnToolsVersion = 15.0;
					};
				};
			};
			buildConfigurationList = 8D11071B0A680DA90000001C /* Build configuration list for PBXProject "Video2PPT" */;
			compatibilityVersion = "Xcode 14.0";
			developmentRegion = en;
			hasScannedForEncodings = 0;
			knownRegions = (
				en,
				Base,
			);
			mainGroup = 8D1107170A680DA900000010;
			productRefGroup = 8D1107210A680DA900000013 /* Products */;
			projectDirPath = "";
			projectRoot = "";
			targets = (
				8D11071F0A680DA900000014 /* Video2PPT */,
				8D11072E0A680DA900000007 /* Video2PPTExtension */,
			);
		};
/* End PBXProject section */

/* Begin PBXResourcesBuildPhase section */
		8D11071E0A680DA900000017 /* Resources */ = {
			isa = PBXResourcesBuildPhase;
			buildActionMask = 2147483647;
			files = (
			);
			runOnlyForDeploymentPostprocessing = 0;
		};
		8D11072C0A680DA90000001B /* Resources */ = {
			isa = PBXResourcesBuildPhase;
			buildActionMask = 2147483647;
			files = (
			);
			runOnlyForDeploymentPostprocessing = 0;
		};
/* End PBXResourcesBuildPhase section */

/* Begin PBXSourcesBuildPhase section */
		8D11071C0A680DA900000016 /* Sources */ = {
			isa = PBXSourcesBuildPhase;
			buildActionMask = 2147483647;
			files = (
				8D1107260A680DA900000001 /* Video2PPTApp.swift in Sources */,
				8D1107280A680DA900000002 /* ContentView.swift in Sources */,
				8D11072A0A680DA900000003 /* ConversionManager.swift in Sources */,
			);
			runOnlyForDeploymentPostprocessing = 0;
		};
		8D11072B0A680DA90000001A /* Sources */ = {
			isa = PBXSourcesBuildPhase;
			buildActionMask = 2147483647;
			files = (
				8D11072C0A680DA900000004 /* FinderSync.swift in Sources */,
			);
			runOnlyForDeploymentPostprocessing = 0;
		};
/* End PBXSourcesBuildPhase section */

/* Begin PBXTargetDependency section */
		8D1107320A680DA900000018 /* PBXTargetDependency */ = {
			isa = PBXTargetDependency;
			target = 8D11072E0A680DA900000007 /* Video2PPTExtension */;
			targetProxy = 8D1107310A680DA900000006 /* PBXContainerItemProxy */;
		};
/* End PBXTargetDependency section */

/* Begin XCBuildConfiguration section */
		8D1107390A680DA90000001D /* Debug */ = {
			isa = XCBuildConfiguration;
			buildSettings = {
				ALWAYS_SEARCH_USER_PATHS = NO;
				CLANG_ANALYZER_NONNULL = YES;
				CLANG_ANALYZER_NUMBER_OBJECT_CONVERSION = YES_AGGRESSIVE;
				CLANG_CXX_LANGUAGE_STANDARD = "gnu++20";
				CLANG_ENABLE_MODULES = YES;
				CLANG_ENABLE_OBJC_ARC = YES;
				CLANG_ENABLE_OBJC_WEAK = YES;
				CLANG_WARN_BLOCK_CAPTURE_AUTORELEASING = YES;
				CLANG_WARN_BOOL_CONVERSION = YES;
				CLANG_WARN_COMMA = YES;
				CLANG_WARN_CONSTANT_CONVERSION = YES;
				CLANG_WARN_DEPRECATED_OBJC_IMPLEMENTATIONS = YES;
				CLANG_WARN_DIRECT_OBJC_ISA_USAGE = YES_ERROR;
				CLANG_WARN_DOCUMENTATION_COMMENTS = YES;
				CLANG_WARN_EMPTY_BODY = YES;
				CLANG_WARN_ENUM_CONVERSION = YES;
				CLANG_WARN_INFINITE_RECURSION = YES;
				CLANG_WARN_INT_CONVERSION = YES;
				CLANG_WARN_NON_LITERAL_NULL_CONVERSION = YES;
				CLANG_WARN_OBJC_IMPLICIT_RETAIN_SELF = YES;
				CLANG_WARN_OBJC_LITERAL_CONVERSION = YES;
				CLANG_WARN_OBJC_ROOT_CLASS = YES_ERROR;
				CLANG_WARN_QUOTED_INCLUDE_IN_FRAMEWORK_HEADER = YES;
				CLANG_WARN_RANGE_LOOP_ANALYSIS = YES;
				CLANG_WARN_STRICT_PROTOTYPES = YES;
				CLANG_WARN_SUSPICIOUS_MOVE = YES;
				CLANG_WARN_UNGUARDED_AVAILABILITY = YES_AGGRESSIVE;
				CLANG_WARN_UNREACHABLE_CODE = YES;
				CLANG_WARN__DUPLICATE_METHOD_MATCH = YES;
				COPY_PHASE_STRIP = NO;
				DEBUG_INFORMATION_FORMAT = dwarf;
				ENABLE_STRICT_OBJC_MSGSEND = YES;
				ENABLE_TESTABILITY = YES;
				GCC_C_LANGUAGE_STANDARD = gnu17;
				GCC_DYNAMIC_NO_PIC = NO;
				GCC_NO_COMMON_BLOCKS = YES;
				GCC_OPTIMIZATION_LEVEL = 0;
				GCC_PREPROCESSOR_DEFINITIONS = (
					"DEBUG=1",
					"$(inherited)",
				);
				GCC_WARN_64_TO_32_BIT_CONVERSION = YES;
				GCC_WARN_ABOUT_RETURN_TYPE = YES_ERROR;
				GCC_WARN_UNDECLARED_SELECTOR = YES;
				GCC_WARN_UNINITIALIZED_AUTOS = YES_AGGRESSIVE;
				GCC_WARN_UNUSED_FUNCTION = YES;
				GCC_WARN_UNUSED_VARIABLE = YES;
				MACOSX_DEPLOYMENT_TARGET = 11.0;
				MTL_ENABLE_DEBUG_INFO = INCLUDE_SOURCE;
				MTL_FAST_MATH = YES;
				ONLY_ACTIVE_ARCH = YES;
				SDKROOT = macosx;
				SWIFT_ACTIVE_COMPILATION_CONDITIONS = DEBUG;
				SWIFT_OPTIMIZATION_LEVEL = "-Onone";
			};
			name = Debug;
		};
		8D11073A0A680DA90000001E /* Release */ = {
			isa = XCBuildConfiguration;
			buildSettings = {
				ALWAYS_SEARCH_USER_PATHS = NO;
				CLANG_ANALYZER_NONNULL = YES;
				CLANG_ANALYZER_NUMBER_OBJECT_CONVERSION = YES_AGGRESSIVE;
				CLANG_CXX_LANGUAGE_STANDARD = "gnu++20";
				CLANG_ENABLE_MODULES = YES;
				CLANG_ENABLE_OBJC_ARC = YES;
				CLANG_ENABLE_OBJC_WEAK = YES;
				CLANG_WARN_BLOCK_CAPTURE_AUTORELEASING = YES;
				CLANG_WARN_BOOL_CONVERSION = YES;
				CLANG_WARN_COMMA = YES;
				CLANG_WARN_CONSTANT_CONVERSION = YES;
				CLANG_WARN_DEPRECATED_OBJC_IMPLEMENTATIONS = YES;
				CLANG_WARN_DIRECT_OBJC_ISA_USAGE = YES_ERROR;
				CLANG_WARN_DOCUMENTATION_COMMENTS = YES;
				CLANG_WARN_EMPTY_BODY = YES;
				CLANG_WARN_ENUM_CONVERSION = YES;
				CLANG_WARN_INFINITE_RECURSION = YES;
				CLANG_WARN_INT_CONVERSION = YES;
				CLANG_WARN_NON_LITERAL_NULL_CONVERSION = YES;
				CLANG_WARN_OBJC_IMPLICIT_RETAIN_SELF = YES;
				CLANG_WARN_OBJC_LITERAL_CONVERSION = YES;
				CLANG_WARN_OBJC_ROOT_CLASS = YES_ERROR;
				CLANG_WARN_QUOTED_INCLUDE_IN_FRAMEWORK_HEADER = YES;
				CLANG_WARN_RANGE_LOOP_ANALYSIS = YES;
				CLANG_WARN_STRICT_PROTOTYPES = YES;
				CLANG_WARN_SUSPICIOUS_MOVE = YES;
				CLANG_WARN_UNGUARDED_AVAILABILITY = YES_AGGRESSIVE;
				CLANG_WARN_UNREACHABLE_CODE = YES;
				CLANG_WARN__DUPLICATE_METHOD_MATCH = YES;
				COPY_PHASE_STRIP = NO;
				DEBUG_INFORMATION_FORMAT = "dwarf-with-dsym";
				ENABLE_NS_ASSERTIONS = NO;
				ENABLE_STRICT_OBJC_MSGSEND = YES;
				GCC_C_LANGUAGE_STANDARD = gnu17;
				GCC_NO_COMMON_BLOCKS = YES;
				GCC_WARN_64_TO_32_BIT_CONVERSION = YES;
				GCC_WARN_ABOUT_RETURN_TYPE = YES_ERROR;
				GCC_WARN_UNDECLARED_SELECTOR = YES;
				GCC_WARN_UNINITIALIZED_AUTOS = YES_AGGRESSIVE;
				GCC_WARN_UNUSED_FUNCTION = YES;
				GCC_WARN_UNUSED_VARIABLE = YES;
				MACOSX_DEPLOYMENT_TARGET = 11.0;
				MTL_ENABLE_DEBUG_INFO = NO;
				MTL_FAST_MATH = YES;
				SDKROOT = macosx;
				SWIFT_COMPILATION_MODE = wholemodule;
			};
			name = Release;
		};
		8D11073C0A680DA90000001F /* Debug */ = {
			isa = XCBuildConfiguration;
			buildSettings = {
				ALWAYS_EMBED_SWIFT_STANDARD_LIBRARIES = YES;
				ASSETCATALOG_COMPILER_APPICON_NAME = AppIcon;
				ASSETCATALOG_COMPILER_GLOBAL_ACCENT_COLOR_NAME = AccentColor;
				CODE_SIGN_ENTITLEMENTS = Video2PPT/Video2PPT.entitlements;
				CODE_SIGN_STYLE = Automatic;
				COMBINE_HIDPI_IMAGES = YES;
				CURRENT_PROJECT_VERSION = 1;
				DEVELOPMENT_ASSET_PATHS = "";
				ENABLE_PREVIEWS = YES;
				GENERATE_INFOPLIST_FILE = NO;
				INFOPLIST_FILE = Video2PPT/Info.plist;
				INFOPLIST_KEY_NSHumanReadableCopyright = "";
				LD_RUNPATH_SEARCH_PATHS = (
					"$(inherited)",
					"@executable_path/../Frameworks",
				);
				MARKETING_VERSION = 1.0;
				PRODUCT_BUNDLE_IDENTIFIER = com.video2ppt.Video2PPT;
				PRODUCT_NAME = "$(TARGET_NAME)";
				SWIFT_EMIT_LOC_STRINGS = YES;
				SWIFT_VERSION = 5.0;
			};
			name = Debug;
		};
		8D11073D0A680DA900000020 /* Release */ = {
			isa = XCBuildConfiguration;
			buildSettings = {
				ALWAYS_EMBED_SWIFT_STANDARD_LIBRARIES = YES;
				ASSETCATALOG_COMPILER_APPICON_NAME = AppIcon;
				ASSETCATALOG_COMPILER_GLOBAL_ACCENT_COLOR_NAME = AccentColor;
				CODE_SIGN_ENTITLEMENTS = Video2PPT/Video2PPT.entitlements;
				CODE_SIGN_STYLE = Automatic;
				COMBINE_HIDPI_IMAGES = YES;
				CURRENT_PROJECT_VERSION = 1;
				DEVELOPMENT_ASSET_PATHS = "";
				ENABLE_PREVIEWS = YES;
				GENERATE_INFOPLIST_FILE = NO;
				INFOPLIST_FILE = Video2PPT/Info.plist;
				INFOPLIST_KEY_NSHumanReadableCopyright = "";
				LD_RUNPATH_SEARCH_PATHS = (
					"$(inherited)",
					"@executable_path/../Frameworks",
				);
				MARKETING_VERSION = 1.0;
				PRODUCT_BUNDLE_IDENTIFIER = com.video2ppt.Video2PPT;
				PRODUCT_NAME = "$(TARGET_NAME)";
				SWIFT_EMIT_LOC_STRINGS = YES;
				SWIFT_VERSION = 5.0;
			};
			name = Release;
		};
		8D11073E0A680DA900000021 /* Debug */ = {
			isa = XCBuildConfiguration;
			buildSettings = {
				CODE_SIGN_ENTITLEMENTS = Video2PPTExtension/Video2PPTExtension.entitlements;
				CODE_SIGN_STYLE = Automatic;
				COMBINE_HIDPI_IMAGES = YES;
				CURRENT_PROJECT_VERSION = 1;
				GENERATE_INFOPLIST_FILE = NO;
				INFOPLIST_FILE = Video2PPTExtension/Info.plist;
				INFOPLIST_KEY_CFBundleDisplayName = "Video2PPT Extension";
				INFOPLIST_KEY_NSHumanReadableCopyright = "";
				LD_RUNPATH_SEARCH_PATHS = (
					"$(inherited)",
					"@executable_path/../Frameworks",
					"@executable_path/../../../../Frameworks",
				);
				MARKETING_VERSION = 1.0;
				PRODUCT_BUNDLE_IDENTIFIER = com.video2ppt.Video2PPT.FinderExtension;
				PRODUCT_NAME = "$(TARGET_NAME)";
				SKIP_INSTALL = YES;
				SWIFT_EMIT_LOC_STRINGS = YES;
				SWIFT_VERSION = 5.0;
			};
			name = Debug;
		};
		8D11073F0A680DA900000022 /* Release */ = {
			isa = XCBuildConfiguration;
			buildSettings = {
				CODE_SIGN_ENTITLEMENTS = Video2PPTExtension/Video2PPTExtension.entitlements;
				CODE_SIGN_STYLE = Automatic;
				COMBINE_HIDPI_IMAGES = YES;
				CURRENT_PROJECT_VERSION = 1;
				GENERATE_INFOPLIST_FILE = NO;
				INFOPLIST_FILE = Video2PPTExtension/Info.plist;
				INFOPLIST_KEY_CFBundleDisplayName = "Video2PPT Extension";
				INFOPLIST_KEY_NSHumanReadableCopyright = "";
				LD_RUNPATH_SEARCH_PATHS = (
					"$(inherited)",
					"@executable_path/../Frameworks",
					"@executable_path/../../../../Frameworks",
				);
				MARKETING_VERSION = 1.0;
				PRODUCT_BUNDLE_IDENTIFIER = com.video2ppt.Video2PPT.FinderExtension;
				PRODUCT_NAME = "$(TARGET_NAME)";
				SKIP_INSTALL = YES;
				SWIFT_EMIT_LOC_STRINGS = YES;
				SWIFT_VERSION = 5.0;
			};
			name = Release;
		};
/* End XCBuildConfiguration section */

/* Begin XCConfigurationList section */
		8D11071B0A680DA90000001C /* Build configuration list for PBXProject "Video2PPT" */ = {
			isa = XCConfigurationList;
			buildConfigurations = (
				8D1107390A680DA90000001D /* Debug */,
				8D11073A0A680DA90000001E /* Release */,
			);
			defaultConfigurationIsVisible = 0;
			defaultConfigurationName = Release;
		};
		8D1107380A680DA900000015 /* Build configuration list for PBXNativeTarget "Video2PPT" */ = {
			isa = XCConfigurationList;
			buildConfigurations = (
				8D11073C0A680DA90000001F /* Debug */,
				8D11073D0A680DA900000020 /* Release */,
			);
			defaultConfigurationIsVisible = 0;
			defaultConfigurationName = Release;
		};
		8D11073B0A680DA900000019 /* Build configuration list for PBXNativeTarget "Video2PPTExtension" */ = {
			isa = XCConfigurationList;
			buildConfigurations = (
				8D11073E0A680DA900000021 /* Debug */,
				8D11073F0A680DA900000022 /* Release */,
			);
			defaultConfigurationIsVisible = 0;
			defaultConfigurationName = Release;
		};
/* End XCConfigurationList section */
	};
	rootObject = 8D1107000A680DA900000000 /* Project object */;
}